PODS:
  - Apollo (0.42.0):
    - Apollo/Core (= 0.42.0)
  - Apollo/Core (0.42.0)
  - Kingfisher (6.2.1)
  - Nimble (9.0.0)
  - Quick (3.1.2)
  - SimpleCheckbox (2.1.0)
  - SnapKit (5.0.1)

DEPENDENCIES:
  - Apollo
  - Kingfisher (~> 6.0)
  - Nimble
  - Quick
  - SimpleCheckbox
  - SnapKit (~> 5.0.0)

SPEC REPOS:
  trunk:
    - Apollo
    - Kingfisher
    - Nimble
    - Quick
    - SimpleCheckbox
    - SnapKit

SPEC CHECKSUMS:
  Apollo: c3f1cc3bfb36e1c4bbb642f44184ad759ad42a87
  Kingfisher: e71c6fac2aebb1262888cabc2cb13d313362a48f
  Nimble: 3b4ec3fd40f1dc178058e0981107721c615643d8
  Quick: 60f0ea3b8e0cfc0df3259a5c06a238ad8b3c46e0
  SimpleCheckbox: ddcd433ab8c3a8f57300bebda13151a8f302c7f9
  SnapKit: 97b92857e3df3a0c71833cce143274bf6ef8e5eb

PODFILE CHECKSUM: 9ea452e7101ffdfac37e4ccc0a1b3caaaca6a33c

COCOAPODS: 1.9.3
