// !$*UTF8*$!
{
	archiveVersion = 1;
	classes = {
	};
	objectVersion = 52;
	objects = {

/* Begin PBXBuildFile section */
		0C2F641E27F1980A007EDB86 /* DiscountCode.swift in Sources */ = {isa = PBXBuildFile; fileRef = 0C2F641D27F1980A007EDB86 /* DiscountCode.swift */; };
		0C3B80B327F0A48B00638F7C /* DiscountCodeList.swift in Sources */ = {isa = PBXBuildFile; fileRef = 0C3B80B227F0A48B00638F7C /* DiscountCodeList.swift */; };
		0C3B80B727F0A58E00638F7C /* DiscountCodeListViewModelSwiftUI.swift in Sources */ = {isa = PBXBuildFile; fileRef = 0C3B80B627F0A58E00638F7C /* DiscountCodeListViewModelSwiftUI.swift */; };
		0C7A715027EC1F70005AE9C9 /* Item.swift in Sources */ = {isa = PBXBuildFile; fileRef = 0C7A714F27EC1F70005AE9C9 /* Item.swift */; };
		0C7A715227EC1F8F005AE9C9 /* Price.swift in Sources */ = {isa = PBXBuildFile; fileRef = 0C7A715127EC1F8F005AE9C9 /* Price.swift */; };
		0C7A715A27EC6E83005AE9C9 /* DiscountService.swift in Sources */ = {isa = PBXBuildFile; fileRef = 0C7A715827EC6E83005AE9C9 /* DiscountService.swift */; };
		0C7A715B27EC6E83005AE9C9 /* MenuListService.swift in Sources */ = {isa = PBXBuildFile; fileRef = 0C7A715927EC6E83005AE9C9 /* MenuListService.swift */; };
		0CA8B30D27E1B16E0034013D /* MenuListView.swift in Sources */ = {isa = PBXBuildFile; fileRef = 0CA8B30C27E1B16E0034013D /* MenuListView.swift */; };
		0CA8B31327E1BAAB0034013D /* MenuListSwiftUIViewModel.swift in Sources */ = {isa = PBXBuildFile; fileRef = 0CA8B31227E1BAAB0034013D /* MenuListSwiftUIViewModel.swift */; };
		0CAA248B27FAC93A00AB345C /* MenuItemSwiftUI.swift in Sources */ = {isa = PBXBuildFile; fileRef = 0CAA248927FAC93A00AB345C /* MenuItemSwiftUI.swift */; };
		0CAA248C27FAC93A00AB345C /* MenuItemViewModelSwiftUI.swift in Sources */ = {isa = PBXBuildFile; fileRef = 0CAA248A27FAC93A00AB345C /* MenuItemViewModelSwiftUI.swift */; };
		0CAA249027FAC96F00AB345C /* ReceiptItemSwiftUI.swift in Sources */ = {isa = PBXBuildFile; fileRef = 0CAA248E27FAC96F00AB345C /* ReceiptItemSwiftUI.swift */; };
		0CAA249127FAC96F00AB345C /* ReceiptItemViewModelSwiftUI.swift in Sources */ = {isa = PBXBuildFile; fileRef = 0CAA248F27FAC96F00AB345C /* ReceiptItemViewModelSwiftUI.swift */; };
		0CBB42B327E2D10E00EBC2E4 /* ReceiptViewSwiftUI.swift in Sources */ = {isa = PBXBuildFile; fileRef = 0CBB42B227E2D10E00EBC2E4 /* ReceiptViewSwiftUI.swift */; };
		0CBB42B527E2D15A00EBC2E4 /* MenuListCoordinator.swift in Sources */ = {isa = PBXBuildFile; fileRef = 0CBB42B427E2D15A00EBC2E4 /* MenuListCoordinator.swift */; };
		0CE2355227E82862005E7115 /* ReceiptViewModelSwiftUI.swift in Sources */ = {isa = PBXBuildFile; fileRef = 0CE2355127E82862005E7115 /* ReceiptViewModelSwiftUI.swift */; };
		5EDA401BC56865E8336E9A45 /* ViewModel.swift in Sources */ = {isa = PBXBuildFile; fileRef = 5EDA4CFF7DA60920DF215FE5 /* ViewModel.swift */; };
		5EDA40D142BA23D0F9B6C380 /* RouterProtocol.swift in Sources */ = {isa = PBXBuildFile; fileRef = 5EDA45561374BDB91B18ACA8 /* RouterProtocol.swift */; };
		5EDA4B4D491B18416A5CD431 /* TableViewModel.swift in Sources */ = {isa = PBXBuildFile; fileRef = 5EDA49451387BE66D91784E5 /* TableViewModel.swift */; };
		5EDA4CFA56A7C050292BBFB3 /* Collection+Core.swift in Sources */ = {isa = PBXBuildFile; fileRef = 5EDA47F5FE976CA6DFE0661F /* Collection+Core.swift */; };
		5EDA4F0E43B82ED69F9A377A /* ConfigurableView.swift in Sources */ = {isa = PBXBuildFile; fileRef = 5EDA4A7CF2E54C47E12FC34F /* ConfigurableView.swift */; };
		EE01A59B28170ECA0086AF0D /* SnapKit in Frameworks */ = {isa = PBXBuildFile; productRef = EE01A59A28170ECA0086AF0D /* SnapKit */; };
		EE01A5A128170F470086AF0D /* Kingfisher in Frameworks */ = {isa = PBXBuildFile; productRef = EE01A5A028170F470086AF0D /* Kingfisher */; };
		EE01A5A428170F630086AF0D /* SimpleCheckbox in Frameworks */ = {isa = PBXBuildFile; productRef = EE01A5A328170F630086AF0D /* SimpleCheckbox */; };
		EE01A5A72817110D0086AF0D /* Apollo in Frameworks */ = {isa = PBXBuildFile; productRef = EE01A5A62817110D0086AF0D /* Apollo */; };
		EEAD60C425F3D4E2009B3399 /* AppDelegate.swift in Sources */ = {isa = PBXBuildFile; fileRef = EEAD60C325F3D4E2009B3399 /* AppDelegate.swift */; };
		EEAD60C625F3D4E2009B3399 /* SceneDelegate.swift in Sources */ = {isa = PBXBuildFile; fileRef = EEAD60C525F3D4E2009B3399 /* SceneDelegate.swift */; };
		EEAD60CD25F3D4E5009B3399 /* Assets.xcassets in Resources */ = {isa = PBXBuildFile; fileRef = EEAD60CC25F3D4E5009B3399 /* Assets.xcassets */; };
		EEAD60D025F3D4E5009B3399 /* LaunchScreen.storyboard in Resources */ = {isa = PBXBuildFile; fileRef = EEAD60CE25F3D4E5009B3399 /* LaunchScreen.storyboard */; };
		EEAD60FB25F3D9F2009B3399 /* schema.json in Resources */ = {isa = PBXBuildFile; fileRef = EEAD60FA25F3D9F2009B3399 /* schema.json */; };
		EEAD612225F3E47A009B3399 /* Network.swift in Sources */ = {isa = PBXBuildFile; fileRef = EEAD612125F3E47A009B3399 /* Network.swift */; };
		EEAD614625F3EA98009B3399 /* InterceptorProvider.swift in Sources */ = {isa = PBXBuildFile; fileRef = EEAD612525F3E5BE009B3399 /* InterceptorProvider.swift */; };
		EED8B51E25FEEA3C00348FCF /* ReceiptViewModelTests.swift in Sources */ = {isa = PBXBuildFile; fileRef = 5EDA446B37633FB7FECD5DD0 /* ReceiptViewModelTests.swift */; };
		EEF98C7925F7CF0B0064D942 /* API.generated.swift in Sources */ = {isa = PBXBuildFile; fileRef = EEF98C7825F7CF0B0064D942 /* API.generated.swift */; };
/* End PBXBuildFile section */

/* Begin PBXContainerItemProxy section */
		EEAD60E225F3D54B009B3399 /* PBXContainerItemProxy */ = {
			isa = PBXContainerItemProxy;
			containerPortal = EEAD60B825F3D4E2009B3399 /* Project object */;
			proxyType = 1;
			remoteGlobalIDString = EEAD60BF25F3D4E2009B3399;
			remoteInfo = Cafe;
		};
/* End PBXContainerItemProxy section */

/* Begin PBXFileReference section */
		0C2F641D27F1980A007EDB86 /* DiscountCode.swift */ = {isa = PBXFileReference; lastKnownFileType = sourcecode.swift; name = DiscountCode.swift; path = cafe/Models/DiscountCode.swift; sourceTree = SOURCE_ROOT; };
		0C3B80B227F0A48B00638F7C /* DiscountCodeList.swift */ = {isa = PBXFileReference; lastKnownFileType = sourcecode.swift; name = DiscountCodeList.swift; path = cafe/DiscountCodeListSwiftUI/DiscountCodeList.swift; sourceTree = SOURCE_ROOT; };
		0C3B80B627F0A58E00638F7C /* DiscountCodeListViewModelSwiftUI.swift */ = {isa = PBXFileReference; lastKnownFileType = sourcecode.swift; name = DiscountCodeListViewModelSwiftUI.swift; path = cafe/DiscountCodeListSwiftUI/DiscountCodeListViewModelSwiftUI.swift; sourceTree = SOURCE_ROOT; };
		0C7A714F27EC1F70005AE9C9 /* Item.swift */ = {isa = PBXFileReference; lastKnownFileType = sourcecode.swift; name = Item.swift; path = cafe/Models/Item.swift; sourceTree = SOURCE_ROOT; };
		0C7A715127EC1F8F005AE9C9 /* Price.swift */ = {isa = PBXFileReference; lastKnownFileType = sourcecode.swift; name = Price.swift; path = cafe/Models/Price.swift; sourceTree = SOURCE_ROOT; };
		0C7A715827EC6E83005AE9C9 /* DiscountService.swift */ = {isa = PBXFileReference; fileEncoding = 4; lastKnownFileType = sourcecode.swift; path = DiscountService.swift; sourceTree = "<group>"; };
		0C7A715927EC6E83005AE9C9 /* MenuListService.swift */ = {isa = PBXFileReference; fileEncoding = 4; lastKnownFileType = sourcecode.swift; path = MenuListService.swift; sourceTree = "<group>"; };
		0CA8B30C27E1B16E0034013D /* MenuListView.swift */ = {isa = PBXFileReference; lastKnownFileType = sourcecode.swift; name = MenuListView.swift; path = cafe/MenuListSwiftUI/MenuListView.swift; sourceTree = SOURCE_ROOT; };
		0CA8B31227E1BAAB0034013D /* MenuListSwiftUIViewModel.swift */ = {isa = PBXFileReference; lastKnownFileType = sourcecode.swift; name = MenuListSwiftUIViewModel.swift; path = cafe/MenuListSwiftUI/MenuListSwiftUIViewModel.swift; sourceTree = SOURCE_ROOT; };
		0CAA248927FAC93A00AB345C /* MenuItemSwiftUI.swift */ = {isa = PBXFileReference; fileEncoding = 4; lastKnownFileType = sourcecode.swift; path = MenuItemSwiftUI.swift; sourceTree = "<group>"; };
		0CAA248A27FAC93A00AB345C /* MenuItemViewModelSwiftUI.swift */ = {isa = PBXFileReference; fileEncoding = 4; lastKnownFileType = sourcecode.swift; path = MenuItemViewModelSwiftUI.swift; sourceTree = "<group>"; };
		0CAA248E27FAC96F00AB345C /* ReceiptItemSwiftUI.swift */ = {isa = PBXFileReference; fileEncoding = 4; lastKnownFileType = sourcecode.swift; path = ReceiptItemSwiftUI.swift; sourceTree = "<group>"; };
		0CAA248F27FAC96F00AB345C /* ReceiptItemViewModelSwiftUI.swift */ = {isa = PBXFileReference; fileEncoding = 4; lastKnownFileType = sourcecode.swift; path = ReceiptItemViewModelSwiftUI.swift; sourceTree = "<group>"; };
		0CBB42B227E2D10E00EBC2E4 /* ReceiptViewSwiftUI.swift */ = {isa = PBXFileReference; lastKnownFileType = sourcecode.swift; name = ReceiptViewSwiftUI.swift; path = cafe/ReceiptSwiftUI/ReceiptViewSwiftUI.swift; sourceTree = SOURCE_ROOT; };
		0CBB42B427E2D15A00EBC2E4 /* MenuListCoordinator.swift */ = {isa = PBXFileReference; lastKnownFileType = sourcecode.swift; name = MenuListCoordinator.swift; path = cafe/MenuListSwiftUI/MenuListCoordinator.swift; sourceTree = SOURCE_ROOT; };
		0CE2355127E82862005E7115 /* ReceiptViewModelSwiftUI.swift */ = {isa = PBXFileReference; lastKnownFileType = sourcecode.swift; name = ReceiptViewModelSwiftUI.swift; path = cafe/ReceiptSwiftUI/ReceiptViewModelSwiftUI.swift; sourceTree = SOURCE_ROOT; };
		5EDA43185684E192C99E4066 /* FetchDiscounts.graphql */ = {isa = PBXFileReference; lastKnownFileType = file.graphql; path = FetchDiscounts.graphql; sourceTree = "<group>"; };
		5EDA446B37633FB7FECD5DD0 /* ReceiptViewModelTests.swift */ = {isa = PBXFileReference; fileEncoding = 4; lastKnownFileType = sourcecode.swift; path = ReceiptViewModelTests.swift; sourceTree = "<group>"; };
		5EDA45561374BDB91B18ACA8 /* RouterProtocol.swift */ = {isa = PBXFileReference; fileEncoding = 4; lastKnownFileType = sourcecode.swift; path = RouterProtocol.swift; sourceTree = "<group>"; };
		5EDA47F5FE976CA6DFE0661F /* Collection+Core.swift */ = {isa = PBXFileReference; fileEncoding = 4; lastKnownFileType = sourcecode.swift; path = "Collection+Core.swift"; sourceTree = "<group>"; };
		5EDA49451387BE66D91784E5 /* TableViewModel.swift */ = {isa = PBXFileReference; fileEncoding = 4; lastKnownFileType = sourcecode.swift; path = TableViewModel.swift; sourceTree = "<group>"; };
		5EDA4A7CF2E54C47E12FC34F /* ConfigurableView.swift */ = {isa = PBXFileReference; fileEncoding = 4; lastKnownFileType = sourcecode.swift; path = ConfigurableView.swift; sourceTree = "<group>"; };
		5EDA4CFF7DA60920DF215FE5 /* ViewModel.swift */ = {isa = PBXFileReference; fileEncoding = 4; lastKnownFileType = sourcecode.swift; path = ViewModel.swift; sourceTree = "<group>"; };
		EEAD60C025F3D4E2009B3399 /* Cafe.app */ = {isa = PBXFileReference; explicitFileType = wrapper.application; includeInIndex = 0; path = Cafe.app; sourceTree = BUILT_PRODUCTS_DIR; };
		EEAD60C325F3D4E2009B3399 /* AppDelegate.swift */ = {isa = PBXFileReference; lastKnownFileType = sourcecode.swift; path = AppDelegate.swift; sourceTree = "<group>"; };
		EEAD60C525F3D4E2009B3399 /* SceneDelegate.swift */ = {isa = PBXFileReference; lastKnownFileType = sourcecode.swift; path = SceneDelegate.swift; sourceTree = "<group>"; };
		EEAD60CC25F3D4E5009B3399 /* Assets.xcassets */ = {isa = PBXFileReference; lastKnownFileType = folder.assetcatalog; path = Assets.xcassets; sourceTree = "<group>"; };
		EEAD60CF25F3D4E5009B3399 /* Base */ = {isa = PBXFileReference; lastKnownFileType = file.storyboard; name = Base; path = Base.lproj/LaunchScreen.storyboard; sourceTree = "<group>"; };
		EEAD60D125F3D4E5009B3399 /* Info.plist */ = {isa = PBXFileReference; lastKnownFileType = text.plist.xml; path = Info.plist; sourceTree = "<group>"; };
		EEAD60DD25F3D54B009B3399 /* CafeTests.xctest */ = {isa = PBXFileReference; explicitFileType = wrapper.cfbundle; includeInIndex = 0; path = CafeTests.xctest; sourceTree = BUILT_PRODUCTS_DIR; };
		EEAD60E125F3D54B009B3399 /* Info.plist */ = {isa = PBXFileReference; lastKnownFileType = text.plist.xml; path = Info.plist; sourceTree = "<group>"; };
		EEAD60FA25F3D9F2009B3399 /* schema.json */ = {isa = PBXFileReference; fileEncoding = 4; lastKnownFileType = text.json; path = schema.json; sourceTree = "<group>"; };
		EEAD612125F3E47A009B3399 /* Network.swift */ = {isa = PBXFileReference; fileEncoding = 4; lastKnownFileType = sourcecode.swift; path = Network.swift; sourceTree = "<group>"; };
		EEAD612525F3E5BE009B3399 /* InterceptorProvider.swift */ = {isa = PBXFileReference; lastKnownFileType = sourcecode.swift; path = InterceptorProvider.swift; sourceTree = "<group>"; };
		EEAD613C25F3EA43009B3399 /* FetchMenuItems.graphql */ = {isa = PBXFileReference; fileEncoding = 4; lastKnownFileType = text; path = FetchMenuItems.graphql; sourceTree = "<group>"; };
		EEF98C7825F7CF0B0064D942 /* API.generated.swift */ = {isa = PBXFileReference; fileEncoding = 4; lastKnownFileType = sourcecode.swift; path = API.generated.swift; sourceTree = "<group>"; };
/* End PBXFileReference section */

/* Begin PBXFrameworksBuildPhase section */
		EEAD60BD25F3D4E2009B3399 /* Frameworks */ = {
			isa = PBXFrameworksBuildPhase;
			buildActionMask = 2147483647;
			files = (
				EE01A5A128170F470086AF0D /* Kingfisher in Frameworks */,
				EE01A5A72817110D0086AF0D /* Apollo in Frameworks */,
				EE01A59B28170ECA0086AF0D /* SnapKit in Frameworks */,
				EE01A5A428170F630086AF0D /* SimpleCheckbox in Frameworks */,
			);
			runOnlyForDeploymentPostprocessing = 0;
		};
		EEAD60DA25F3D54B009B3399 /* Frameworks */ = {
			isa = PBXFrameworksBuildPhase;
			buildActionMask = 2147483647;
			files = (
			);
			runOnlyForDeploymentPostprocessing = 0;
		};
/* End PBXFrameworksBuildPhase section */

/* Begin PBXGroup section */
		0C3B80B127F0A46600638F7C /* DiscountCodeListSwiftUI */ = {
			isa = PBXGroup;
			children = (
				0C3B80B227F0A48B00638F7C /* DiscountCodeList.swift */,
				0C3B80B627F0A58E00638F7C /* DiscountCodeListViewModelSwiftUI.swift */,
			);
			path = DiscountCodeListSwiftUI;
			sourceTree = "<group>";
		};
		0C7A715727EC6E83005AE9C9 /* Services */ = {
			isa = PBXGroup;
			children = (
				0C7A715827EC6E83005AE9C9 /* DiscountService.swift */,
				0C7A715927EC6E83005AE9C9 /* MenuListService.swift */,
			);
			name = Services;
			path = cafe/Services;
			sourceTree = SOURCE_ROOT;
		};
		0C9E023027E47F1000A6BDD7 /* Models */ = {
			isa = PBXGroup;
			children = (
				0C7A714F27EC1F70005AE9C9 /* Item.swift */,
				0C7A715127EC1F8F005AE9C9 /* Price.swift */,
				0C2F641D27F1980A007EDB86 /* DiscountCode.swift */,
			);
			path = Models;
			sourceTree = "<group>";
		};
		0CA8B30B27E1B1370034013D /* MenuListSwiftUI */ = {
			isa = PBXGroup;
			children = (
				0CAA248827FAC93A00AB345C /* MenuItemSwiftUI */,
				0CA8B30C27E1B16E0034013D /* MenuListView.swift */,
				0CA8B31227E1BAAB0034013D /* MenuListSwiftUIViewModel.swift */,
				0CBB42B427E2D15A00EBC2E4 /* MenuListCoordinator.swift */,
			);
			path = MenuListSwiftUI;
			sourceTree = "<group>";
		};
		0CAA248827FAC93A00AB345C /* MenuItemSwiftUI */ = {
			isa = PBXGroup;
			children = (
				0CAA248927FAC93A00AB345C /* MenuItemSwiftUI.swift */,
				0CAA248A27FAC93A00AB345C /* MenuItemViewModelSwiftUI.swift */,
			);
			name = MenuItemSwiftUI;
			path = cafe/MenuItemSwiftUI;
			sourceTree = SOURCE_ROOT;
		};
		0CAA248D27FAC96F00AB345C /* ReceiptItemSwiftUI */ = {
			isa = PBXGroup;
			children = (
				0CAA248E27FAC96F00AB345C /* ReceiptItemSwiftUI.swift */,
				0CAA248F27FAC96F00AB345C /* ReceiptItemViewModelSwiftUI.swift */,
			);
			name = ReceiptItemSwiftUI;
			path = cafe/ReceiptSwiftUI/ReceiptItemSwiftUI;
			sourceTree = SOURCE_ROOT;
		};
		0CBB42B127E2D07400EBC2E4 /* ReceiptSwiftUI */ = {
			isa = PBXGroup;
			children = (
				0CAA248D27FAC96F00AB345C /* ReceiptItemSwiftUI */,
				0CBB42B227E2D10E00EBC2E4 /* ReceiptViewSwiftUI.swift */,
				0CE2355127E82862005E7115 /* ReceiptViewModelSwiftUI.swift */,
			);
			path = ReceiptSwiftUI;
			sourceTree = "<group>";
		};
		5EDA418C64951F3159EFEEC4 /* MVVM */ = {
			isa = PBXGroup;
			children = (
				5EDA49451387BE66D91784E5 /* TableViewModel.swift */,
				5EDA4CFF7DA60920DF215FE5 /* ViewModel.swift */,
				5EDA4A7CF2E54C47E12FC34F /* ConfigurableView.swift */,
			);
			path = MVVM;
			sourceTree = "<group>";
		};
		5EDA494D7C150E6011DF2A62 /* extensions */ = {
			isa = PBXGroup;
			children = (
				5EDA47F5FE976CA6DFE0661F /* Collection+Core.swift */,
			);
			path = extensions;
			sourceTree = "<group>";
		};
		EEAD60B725F3D4E2009B3399 = {
			isa = PBXGroup;
			children = (
				EEAD60C225F3D4E2009B3399 /* Cafe */,
				EEAD60DE25F3D54B009B3399 /* CafeTests */,
				EEAD60C125F3D4E2009B3399 /* Products */,
			);
			sourceTree = "<group>";
		};
		EEAD60C125F3D4E2009B3399 /* Products */ = {
			isa = PBXGroup;
			children = (
				EEAD60C025F3D4E2009B3399 /* Cafe.app */,
				EEAD60DD25F3D54B009B3399 /* CafeTests.xctest */,
			);
			name = Products;
			sourceTree = "<group>";
		};
		EEAD60C225F3D4E2009B3399 /* Cafe */ = {
			isa = PBXGroup;
			children = (
				0C3B80B127F0A46600638F7C /* DiscountCodeListSwiftUI */,
				0C7A715727EC6E83005AE9C9 /* Services */,
				0C9E023027E47F1000A6BDD7 /* Models */,
				0CBB42B127E2D07400EBC2E4 /* ReceiptSwiftUI */,
				0CA8B30B27E1B1370034013D /* MenuListSwiftUI */,
				EEAD60FE25F3DAD1009B3399 /* Common */,
				EEAD60FA25F3D9F2009B3399 /* schema.json */,
				EEAD60C325F3D4E2009B3399 /* AppDelegate.swift */,
				EEAD60C525F3D4E2009B3399 /* SceneDelegate.swift */,
				EEAD60CC25F3D4E5009B3399 /* Assets.xcassets */,
				EEAD60CE25F3D4E5009B3399 /* LaunchScreen.storyboard */,
				EEAD60D125F3D4E5009B3399 /* Info.plist */,
			);
			path = Cafe;
			sourceTree = "<group>";
		};
		EEAD60DE25F3D54B009B3399 /* CafeTests */ = {
			isa = PBXGroup;
			children = (
				EEAD60E125F3D54B009B3399 /* Info.plist */,
				5EDA446B37633FB7FECD5DD0 /* ReceiptViewModelTests.swift */,
			);
			path = CafeTests;
			sourceTree = "<group>";
		};
		EEAD60FE25F3DAD1009B3399 /* Common */ = {
			isa = PBXGroup;
			children = (
				EEF98C7C25F7D4A30064D942 /* Protocols */,
				EEAD60FF25F3DB3C009B3399 /* Network */,
				5EDA494D7C150E6011DF2A62 /* extensions */,
			);
			path = Common;
			sourceTree = "<group>";
		};
		EEAD60FF25F3DB3C009B3399 /* Network */ = {
			isa = PBXGroup;
			children = (
				EEF98C7825F7CF0B0064D942 /* API.generated.swift */,
				EEAD613925F3E839009B3399 /* Operations */,
				EEAD612525F3E5BE009B3399 /* InterceptorProvider.swift */,
				EEAD612125F3E47A009B3399 /* Network.swift */,
			);
			path = Network;
			sourceTree = "<group>";
		};
		EEAD613925F3E839009B3399 /* Operations */ = {
			isa = PBXGroup;
			children = (
				EEAD613C25F3EA43009B3399 /* FetchMenuItems.graphql */,
				5EDA43185684E192C99E4066 /* FetchDiscounts.graphql */,
			);
			path = Operations;
			sourceTree = "<group>";
		};
		EEF98C7C25F7D4A30064D942 /* Protocols */ = {
			isa = PBXGroup;
			children = (
				5EDA45561374BDB91B18ACA8 /* RouterProtocol.swift */,
				5EDA418C64951F3159EFEEC4 /* MVVM */,
			);
			path = Protocols;
			sourceTree = "<group>";
		};
/* End PBXGroup section */

/* Begin PBXNativeTarget section */
		EEAD60BF25F3D4E2009B3399 /* Cafe */ = {
			isa = PBXNativeTarget;
			buildConfigurationList = EEAD60D425F3D4E5009B3399 /* Build configuration list for PBXNativeTarget "Cafe" */;
			buildPhases = (
				EEAD610825F3DC3D009B3399 /* Generate Apollo GraphQL API */,
				EEAD60BC25F3D4E2009B3399 /* Sources */,
				EEAD60BD25F3D4E2009B3399 /* Frameworks */,
				EEAD60BE25F3D4E2009B3399 /* Resources */,
			);
			buildRules = (
			);
			dependencies = (
			);
			name = Cafe;
			packageProductDependencies = (
				EE01A59A28170ECA0086AF0D /* SnapKit */,
				EE01A5A028170F470086AF0D /* Kingfisher */,
				EE01A5A328170F630086AF0D /* SimpleCheckbox */,
				EE01A5A62817110D0086AF0D /* Apollo */,
			);
			productName = Cafe;
			productReference = EEAD60C025F3D4E2009B3399 /* Cafe.app */;
			productType = "com.apple.product-type.application";
		};
		EEAD60DC25F3D54B009B3399 /* CafeTests */ = {
			isa = PBXNativeTarget;
			buildConfigurationList = EEAD60E625F3D54B009B3399 /* Build configuration list for PBXNativeTarget "CafeTests" */;
			buildPhases = (
				EEAD60D925F3D54B009B3399 /* Sources */,
				EEAD60DA25F3D54B009B3399 /* Frameworks */,
				EEAD60DB25F3D54B009B3399 /* Resources */,
			);
			buildRules = (
			);
			dependencies = (
				EEAD60E325F3D54B009B3399 /* PBXTargetDependency */,
			);
			name = CafeTests;
			productName = CafeTests;
			productReference = EEAD60DD25F3D54B009B3399 /* CafeTests.xctest */;
			productType = "com.apple.product-type.bundle.unit-test";
		};
/* End PBXNativeTarget section */

/* Begin PBXProject section */
		EEAD60B825F3D4E2009B3399 /* Project object */ = {
			isa = PBXProject;
			attributes = {
				LastSwiftUpdateCheck = 1240;
				LastUpgradeCheck = 1240;
				TargetAttributes = {
					EEAD60BF25F3D4E2009B3399 = {
						CreatedOnToolsVersion = 12.4;
					};
					EEAD60DC25F3D54B009B3399 = {
						CreatedOnToolsVersion = 12.4;
						TestTargetID = EEAD60BF25F3D4E2009B3399;
					};
				};
			};
			buildConfigurationList = EEAD60BB25F3D4E2009B3399 /* Build configuration list for PBXProject "Cafe" */;
			compatibilityVersion = "Xcode 9.3";
			developmentRegion = en;
			hasScannedForEncodings = 0;
			knownRegions = (
				en,
				Base,
			);
			mainGroup = EEAD60B725F3D4E2009B3399;
			packageReferences = (
				EE01A59928170ECA0086AF0D /* XCRemoteSwiftPackageReference "SnapKit" */,
				EE01A59F28170F470086AF0D /* XCRemoteSwiftPackageReference "Kingfisher" */,
				EE01A5A228170F630086AF0D /* XCRemoteSwiftPackageReference "SimpleCheckbox" */,
				EE01A5A52817110C0086AF0D /* XCRemoteSwiftPackageReference "apollo-ios" */,
			);
			productRefGroup = EEAD60C125F3D4E2009B3399 /* Products */;
			projectDirPath = "";
			projectRoot = "";
			targets = (
				EEAD60BF25F3D4E2009B3399 /* Cafe */,
				EEAD60DC25F3D54B009B3399 /* CafeTests */,
			);
		};
/* End PBXProject section */

/* Begin PBXResourcesBuildPhase section */
		EEAD60BE25F3D4E2009B3399 /* Resources */ = {
			isa = PBXResourcesBuildPhase;
			buildActionMask = 2147483647;
			files = (
				EEAD60FB25F3D9F2009B3399 /* schema.json in Resources */,
				EEAD60D025F3D4E5009B3399 /* LaunchScreen.storyboard in Resources */,
				EEAD60CD25F3D4E5009B3399 /* Assets.xcassets in Resources */,
			);
			runOnlyForDeploymentPostprocessing = 0;
		};
		EEAD60DB25F3D54B009B3399 /* Resources */ = {
			isa = PBXResourcesBuildPhase;
			buildActionMask = 2147483647;
			files = (
			);
			runOnlyForDeploymentPostprocessing = 0;
		};
/* End PBXResourcesBuildPhase section */

/* Begin PBXShellScriptBuildPhase section */
		EEAD610825F3DC3D009B3399 /* Generate Apollo GraphQL API */ = {
			isa = PBXShellScriptBuildPhase;
			buildActionMask = 2147483647;
			files = (
			);
			inputFileListPaths = (
			);
			inputPaths = (
				"$(SRCROOT)/Cafe/Common/Network/API.generated",
			);
			name = "Generate Apollo GraphQL API";
			outputFileListPaths = (
			);
			outputPaths = (
			);
			runOnlyForDeploymentPostprocessing = 0;
			shellPath = /bin/sh;
			shellScript = "# Don't run this during index builds\nif [ $ACTION = \"indexbuild\" ]; then exit 0; fi\n\n# Go to the build root and search up the chain to find the Derived Data Path where the source packages are checked out.\nDERIVED_DATA_CANDIDATE=\"${BUILD_ROOT}\"\n\nwhile ! [ -d \"${DERIVED_DATA_CANDIDATE}/SourcePackages\" ]; do\n  if [ \"${DERIVED_DATA_CANDIDATE}\" = / ]; then\n    echo >&2 \"error: Unable to locate SourcePackages directory from BUILD_ROOT: '${BUILD_ROOT}'\"\n    exit 1\n  fi\n\n  DERIVED_DATA_CANDIDATE=\"$(dirname \"${DERIVED_DATA_CANDIDATE}\")\"\ndone\n\n# Grab a reference to the directory where scripts are checked out\nSCRIPT_PATH=\"${DERIVED_DATA_CANDIDATE}/SourcePackages/checkouts/apollo-ios/scripts\"\n\nif [ -z \"${SCRIPT_PATH}\" ]; then\n    echo >&2 \"error: Couldn't find the CLI script in your checked out SPM packages; make sure to add the framework to your project.\"\n    exit 1\nfi\n\ncd \"${SRCROOT}/${TARGET_NAME}\"\n\"${SCRIPT_PATH}\"/run-bundled-codegen.sh schema:download --endpoint=\"http://lone-star-cafe.herokuapp.com/graphql\"\n  \n  \"${SCRIPT_PATH}\"/run-bundled-codegen.sh codegen:generate --target=swift --includes=./**/*.graphql --localSchemaFile=\"schema.json\" ./Common/Network/API.generated.swift\n";
			showEnvVarsInLog = 0;
		};
/* End PBXShellScriptBuildPhase section */

/* Begin PBXSourcesBuildPhase section */
		EEAD60BC25F3D4E2009B3399 /* Sources */ = {
			isa = PBXSourcesBuildPhase;
			buildActionMask = 2147483647;
			files = (
				EEAD614625F3EA98009B3399 /* InterceptorProvider.swift in Sources */,
				0C3B80B327F0A48B00638F7C /* DiscountCodeList.swift in Sources */,
				0CA8B31327E1BAAB0034013D /* MenuListSwiftUIViewModel.swift in Sources */,
				EEAD612225F3E47A009B3399 /* Network.swift in Sources */,
				0CBB42B527E2D15A00EBC2E4 /* MenuListCoordinator.swift in Sources */,
				EEF98C7925F7CF0B0064D942 /* API.generated.swift in Sources */,
				0C7A715A27EC6E83005AE9C9 /* DiscountService.swift in Sources */,
				0C7A715227EC1F8F005AE9C9 /* Price.swift in Sources */,
				0C7A715B27EC6E83005AE9C9 /* MenuListService.swift in Sources */,
				0C3B80B727F0A58E00638F7C /* DiscountCodeListViewModelSwiftUI.swift in Sources */,
				EEAD60C425F3D4E2009B3399 /* AppDelegate.swift in Sources */,
				0CAA248C27FAC93A00AB345C /* MenuItemViewModelSwiftUI.swift in Sources */,
				EEAD60C625F3D4E2009B3399 /* SceneDelegate.swift in Sources */,
				0C7A715027EC1F70005AE9C9 /* Item.swift in Sources */,
				0CE2355227E82862005E7115 /* ReceiptViewModelSwiftUI.swift in Sources */,
				0CBB42B327E2D10E00EBC2E4 /* ReceiptViewSwiftUI.swift in Sources */,
				0C2F641E27F1980A007EDB86 /* DiscountCode.swift in Sources */,
				5EDA40D142BA23D0F9B6C380 /* RouterProtocol.swift in Sources */,
				0CAA248B27FAC93A00AB345C /* MenuItemSwiftUI.swift in Sources */,
				5EDA4B4D491B18416A5CD431 /* TableViewModel.swift in Sources */,
				5EDA401BC56865E8336E9A45 /* ViewModel.swift in Sources */,
				5EDA4F0E43B82ED69F9A377A /* ConfigurableView.swift in Sources */,
				0CA8B30D27E1B16E0034013D /* MenuListView.swift in Sources */,
				0CAA249027FAC96F00AB345C /* ReceiptItemSwiftUI.swift in Sources */,
				5EDA4CFA56A7C050292BBFB3 /* Collection+Core.swift in Sources */,
				0CAA249127FAC96F00AB345C /* ReceiptItemViewModelSwiftUI.swift in Sources */,
			);
			runOnlyForDeploymentPostprocessing = 0;
		};
		EEAD60D925F3D54B009B3399 /* Sources */ = {
			isa = PBXSourcesBuildPhase;
			buildActionMask = 2147483647;
			files = (
				EED8B51E25FEEA3C00348FCF /* ReceiptViewModelTests.swift in Sources */,
			);
			runOnlyForDeploymentPostprocessing = 0;
		};
/* End PBXSourcesBuildPhase section */

/* Begin PBXTargetDependency section */
		EEAD60E325F3D54B009B3399 /* PBXTargetDependency */ = {
			isa = PBXTargetDependency;
			target = EEAD60BF25F3D4E2009B3399 /* Cafe */;
			targetProxy = EEAD60E225F3D54B009B3399 /* PBXContainerItemProxy */;
		};
/* End PBXTargetDependency section */

/* Begin PBXVariantGroup section */
		EEAD60CE25F3D4E5009B3399 /* LaunchScreen.storyboard */ = {
			isa = PBXVariantGroup;
			children = (
				EEAD60CF25F3D4E5009B3399 /* Base */,
			);
			name = LaunchScreen.storyboard;
			sourceTree = "<group>";
		};
/* End PBXVariantGroup section */

/* Begin XCBuildConfiguration section */
		EEAD60D225F3D4E5009B3399 /* Debug */ = {
			isa = XCBuildConfiguration;
			buildSettings = {
				ALWAYS_SEARCH_USER_PATHS = NO;
				CLANG_ANALYZER_NONNULL = YES;
				CLANG_ANALYZER_NUMBER_OBJECT_CONVERSION = YES_AGGRESSIVE;
				CLANG_CXX_LANGUAGE_STANDARD = "gnu++14";
				CLANG_CXX_LIBRARY = "libc++";
				CLANG_ENABLE_MODULES = YES;
				CLANG_ENABLE_OBJC_ARC = YES;
				CLANG_ENABLE_OBJC_WEAK = YES;
				CLANG_WARN_BLOCK_CAPTURE_AUTORELEASING = YES;
				CLANG_WARN_BOOL_CONVERSION = YES;
				CLANG_WARN_COMMA = YES;
				CLANG_WARN_CONSTANT_CONVERSION = YES;
				CLANG_WARN_DEPRECATED_OBJC_IMPLEMENTATIONS = YES;
				CLANG_WARN_DIRECT_OBJC_ISA_USAGE = YES_ERROR;
				CLANG_WARN_DOCUMENTATION_COMMENTS = YES;
				CLANG_WARN_EMPTY_BODY = YES;
				CLANG_WARN_ENUM_CONVERSION = YES;
				CLANG_WARN_INFINITE_RECURSION = YES;
				CLANG_WARN_INT_CONVERSION = YES;
				CLANG_WARN_NON_LITERAL_NULL_CONVERSION = YES;
				CLANG_WARN_OBJC_IMPLICIT_RETAIN_SELF = YES;
				CLANG_WARN_OBJC_LITERAL_CONVERSION = YES;
				CLANG_WARN_OBJC_ROOT_CLASS = YES_ERROR;
				CLANG_WARN_QUOTED_INCLUDE_IN_FRAMEWORK_HEADER = YES;
				CLANG_WARN_RANGE_LOOP_ANALYSIS = YES;
				CLANG_WARN_STRICT_PROTOTYPES = YES;
				CLANG_WARN_SUSPICIOUS_MOVE = YES;
				CLANG_WARN_UNGUARDED_AVAILABILITY = YES_AGGRESSIVE;
				CLANG_WARN_UNREACHABLE_CODE = YES;
				CLANG_WARN__DUPLICATE_METHOD_MATCH = YES;
				COPY_PHASE_STRIP = NO;
				DEBUG_INFORMATION_FORMAT = dwarf;
				ENABLE_STRICT_OBJC_MSGSEND = YES;
				ENABLE_TESTABILITY = YES;
				GCC_C_LANGUAGE_STANDARD = gnu11;
				GCC_DYNAMIC_NO_PIC = NO;
				GCC_NO_COMMON_BLOCKS = YES;
				GCC_OPTIMIZATION_LEVEL = 0;
				GCC_PREPROCESSOR_DEFINITIONS = (
					"DEBUG=1",
					"$(inherited)",
				);
				GCC_WARN_64_TO_32_BIT_CONVERSION = YES;
				GCC_WARN_ABOUT_RETURN_TYPE = YES_ERROR;
				GCC_WARN_UNDECLARED_SELECTOR = YES;
				GCC_WARN_UNINITIALIZED_AUTOS = YES_AGGRESSIVE;
				GCC_WARN_UNUSED_FUNCTION = YES;
				GCC_WARN_UNUSED_VARIABLE = YES;
				IPHONEOS_DEPLOYMENT_TARGET = 14.4;
				MTL_ENABLE_DEBUG_INFO = INCLUDE_SOURCE;
				MTL_FAST_MATH = YES;
				ONLY_ACTIVE_ARCH = YES;
				SDKROOT = iphoneos;
				SWIFT_ACTIVE_COMPILATION_CONDITIONS = DEBUG;
				SWIFT_OPTIMIZATION_LEVEL = "-Onone";
			};
			name = Debug;
		};
		EEAD60D325F3D4E5009B3399 /* Release */ = {
			isa = XCBuildConfiguration;
			buildSettings = {
				ALWAYS_SEARCH_USER_PATHS = NO;
				CLANG_ANALYZER_NONNULL = YES;
				CLANG_ANALYZER_NUMBER_OBJECT_CONVERSION = YES_AGGRESSIVE;
				CLANG_CXX_LANGUAGE_STANDARD = "gnu++14";
				CLANG_CXX_LIBRARY = "libc++";
				CLANG_ENABLE_MODULES = YES;
				CLANG_ENABLE_OBJC_ARC = YES;
				CLANG_ENABLE_OBJC_WEAK = YES;
				CLANG_WARN_BLOCK_CAPTURE_AUTORELEASING = YES;
				CLANG_WARN_BOOL_CONVERSION = YES;
				CLANG_WARN_COMMA = YES;
				CLANG_WARN_CONSTANT_CONVERSION = YES;
				CLANG_WARN_DEPRECATED_OBJC_IMPLEMENTATIONS = YES;
				CLANG_WARN_DIRECT_OBJC_ISA_USAGE = YES_ERROR;
				CLANG_WARN_DOCUMENTATION_COMMENTS = YES;
				CLANG_WARN_EMPTY_BODY = YES;
				CLANG_WARN_ENUM_CONVERSION = YES;
				CLANG_WARN_INFINITE_RECURSION = YES;
				CLANG_WARN_INT_CONVERSION = YES;
				CLANG_WARN_NON_LITERAL_NULL_CONVERSION = YES;
				CLANG_WARN_OBJC_IMPLICIT_RETAIN_SELF = YES;
				CLANG_WARN_OBJC_LITERAL_CONVERSION = YES;
				CLANG_WARN_OBJC_ROOT_CLASS = YES_ERROR;
				CLANG_WARN_QUOTED_INCLUDE_IN_FRAMEWORK_HEADER = YES;
				CLANG_WARN_RANGE_LOOP_ANALYSIS = YES;
				CLANG_WARN_STRICT_PROTOTYPES = YES;
				CLANG_WARN_SUSPICIOUS_MOVE = YES;
				CLANG_WARN_UNGUARDED_AVAILABILITY = YES_AGGRESSIVE;
				CLANG_WARN_UNREACHABLE_CODE = YES;
				CLANG_WARN__DUPLICATE_METHOD_MATCH = YES;
				COPY_PHASE_STRIP = NO;
				DEBUG_INFORMATION_FORMAT = "dwarf-with-dsym";
				ENABLE_NS_ASSERTIONS = NO;
				ENABLE_STRICT_OBJC_MSGSEND = YES;
				GCC_C_LANGUAGE_STANDARD = gnu11;
				GCC_NO_COMMON_BLOCKS = YES;
				GCC_WARN_64_TO_32_BIT_CONVERSION = YES;
				GCC_WARN_ABOUT_RETURN_TYPE = YES_ERROR;
				GCC_WARN_UNDECLARED_SELECTOR = YES;
				GCC_WARN_UNINITIALIZED_AUTOS = YES_AGGRESSIVE;
				GCC_WARN_UNUSED_FUNCTION = YES;
				GCC_WARN_UNUSED_VARIABLE = YES;
				IPHONEOS_DEPLOYMENT_TARGET = 14.4;
				MTL_ENABLE_DEBUG_INFO = NO;
				MTL_FAST_MATH = YES;
				SDKROOT = iphoneos;
				SWIFT_COMPILATION_MODE = wholemodule;
				SWIFT_OPTIMIZATION_LEVEL = "-O";
				VALIDATE_PRODUCT = YES;
			};
			name = Release;
		};
		EEAD60D525F3D4E5009B3399 /* Debug */ = {
			isa = XCBuildConfiguration;
			buildSettings = {
				ASSETCATALOG_COMPILER_APPICON_NAME = AppIcon;
				ASSETCATALOG_COMPILER_GLOBAL_ACCENT_COLOR_NAME = AccentColor;
				CODE_SIGN_STYLE = Automatic;
				DEVELOPMENT_TEAM = 2ZGQ62MBM7;
				INFOPLIST_FILE = Cafe/Info.plist;
				LD_RUNPATH_SEARCH_PATHS = (
					"$(inherited)",
					"@executable_path/Frameworks",
				);
				PRODUCT_BUNDLE_IDENTIFIER = com.tw.homework.Cafe;
				PRODUCT_NAME = "$(TARGET_NAME)";
				SWIFT_VERSION = 5.0;
				TARGETED_DEVICE_FAMILY = "1,2";
			};
			name = Debug;
		};
		EEAD60D625F3D4E5009B3399 /* Release */ = {
			isa = XCBuildConfiguration;
			buildSettings = {
				ASSETCATALOG_COMPILER_APPICON_NAME = AppIcon;
				ASSETCATALOG_COMPILER_GLOBAL_ACCENT_COLOR_NAME = AccentColor;
				CODE_SIGN_STYLE = Automatic;
				DEVELOPMENT_TEAM = 2ZGQ62MBM7;
				INFOPLIST_FILE = Cafe/Info.plist;
				LD_RUNPATH_SEARCH_PATHS = (
					"$(inherited)",
					"@executable_path/Frameworks",
				);
				PRODUCT_BUNDLE_IDENTIFIER = com.tw.homework.Cafe;
				PRODUCT_NAME = "$(TARGET_NAME)";
				SWIFT_VERSION = 5.0;
				TARGETED_DEVICE_FAMILY = "1,2";
			};
			name = Release;
		};
		EEAD60E425F3D54B009B3399 /* Debug */ = {
			isa = XCBuildConfiguration;
			buildSettings = {
				BUNDLE_LOADER = "$(TEST_HOST)";
				CODE_SIGN_STYLE = Automatic;
				INFOPLIST_FILE = CafeTests/Info.plist;
				LD_RUNPATH_SEARCH_PATHS = (
					"$(inherited)",
					"@executable_path/Frameworks",
					"@loader_path/Frameworks",
				);
				PRODUCT_BUNDLE_IDENTIFIER = com.tw.homework.CafeTests;
				PRODUCT_NAME = "$(TARGET_NAME)";
				SWIFT_VERSION = 5.0;
				TARGETED_DEVICE_FAMILY = "1,2";
				TEST_HOST = "$(BUILT_PRODUCTS_DIR)/Cafe.app/Cafe";
			};
			name = Debug;
		};
		EEAD60E525F3D54B009B3399 /* Release */ = {
			isa = XCBuildConfiguration;
			buildSettings = {
				BUNDLE_LOADER = "$(TEST_HOST)";
				CODE_SIGN_STYLE = Automatic;
				INFOPLIST_FILE = CafeTests/Info.plist;
				LD_RUNPATH_SEARCH_PATHS = (
					"$(inherited)",
					"@executable_path/Frameworks",
					"@loader_path/Frameworks",
				);
				PRODUCT_BUNDLE_IDENTIFIER = com.tw.homework.CafeTests;
				PRODUCT_NAME = "$(TARGET_NAME)";
				SWIFT_VERSION = 5.0;
				TARGETED_DEVICE_FAMILY = "1,2";
				TEST_HOST = "$(BUILT_PRODUCTS_DIR)/Cafe.app/Cafe";
			};
			name = Release;
		};
/* End XCBuildConfiguration section */

/* Begin XCConfigurationList section */
		EEAD60BB25F3D4E2009B3399 /* Build configuration list for PBXProject "Cafe" */ = {
			isa = XCConfigurationList;
			buildConfigurations = (
				EEAD60D225F3D4E5009B3399 /* Debug */,
				EEAD60D325F3D4E5009B3399 /* Release */,
			);
			defaultConfigurationIsVisible = 0;
			defaultConfigurationName = Release;
		};
		EEAD60D425F3D4E5009B3399 /* Build configuration list for PBXNativeTarget "Cafe" */ = {
			isa = XCConfigurationList;
			buildConfigurations = (
				EEAD60D525F3D4E5009B3399 /* Debug */,
				EEAD60D625F3D4E5009B3399 /* Release */,
			);
			defaultConfigurationIsVisible = 0;
			defaultConfigurationName = Release;
		};
		EEAD60E625F3D54B009B3399 /* Build configuration list for PBXNativeTarget "CafeTests" */ = {
			isa = XCConfigurationList;
			buildConfigurations = (
				EEAD60E425F3D54B009B3399 /* Debug */,
				EEAD60E525F3D54B009B3399 /* Release */,
			);
			defaultConfigurationIsVisible = 0;
			defaultConfigurationName = Release;
		};
/* End XCConfigurationList section */

/* Begin XCRemoteSwiftPackageReference section */
		EE01A59928170ECA0086AF0D /* XCRemoteSwiftPackageReference "SnapKit" */ = {
			isa = XCRemoteSwiftPackageReference;
			repositoryURL = "https://github.com/SnapKit/SnapKit";
			requirement = {
				kind = upToNextMinorVersion;
				minimumVersion = 5.6.0;
			};
		};
		EE01A59F28170F470086AF0D /* XCRemoteSwiftPackageReference "Kingfisher" */ = {
			isa = XCRemoteSwiftPackageReference;
			repositoryURL = "https://github.com/onevcat/Kingfisher";
			requirement = {
				kind = upToNextMinorVersion;
				minimumVersion = 7.2.0;
			};
		};
		EE01A5A228170F630086AF0D /* XCRemoteSwiftPackageReference "SimpleCheckbox" */ = {
			isa = XCRemoteSwiftPackageReference;
			repositoryURL = "https://github.com/BeauNouvelle/SimpleCheckbox";
			requirement = {
				kind = upToNextMinorVersion;
				minimumVersion = 2.3.0;
			};
		};
		EE01A5A52817110C0086AF0D /* XCRemoteSwiftPackageReference "apollo-ios" */ = {
			isa = XCRemoteSwiftPackageReference;
			repositoryURL = "https://github.com/apollographql/apollo-ios/";
			requirement = {
				kind = versionRange;
				maximumVersion = 1.0.0;
				minimumVersion = 0.51.2;
			};
		};
/* End XCRemoteSwiftPackageReference section */

/* Begin XCSwiftPackageProductDependency section */
		EE01A59A28170ECA0086AF0D /* SnapKit */ = {
			isa = XCSwiftPackageProductDependency;
			package = EE01A59928170ECA0086AF0D /* XCRemoteSwiftPackageReference "SnapKit" */;
			productName = SnapKit;
		};
		EE01A5A028170F470086AF0D /* Kingfisher */ = {
			isa = XCSwiftPackageProductDependency;
			package = EE01A59F28170F470086AF0D /* XCRemoteSwiftPackageReference "Kingfisher" */;
			productName = Kingfisher;
		};
		EE01A5A328170F630086AF0D /* SimpleCheckbox */ = {
			isa = XCSwiftPackageProductDependency;
			package = EE01A5A228170F630086AF0D /* XCRemoteSwiftPackageReference "SimpleCheckbox" */;
			productName = SimpleCheckbox;
		};
		EE01A5A62817110D0086AF0D /* Apollo */ = {
			isa = XCSwiftPackageProductDependency;
			package = EE01A5A52817110C0086AF0D /* XCRemoteSwiftPackageReference "apollo-ios" */;
			productName = Apollo;
		};
/* End XCSwiftPackageProductDependency section */
	};
	rootObject = EEAD60B825F3D4E2009B3399 /* Project object */;
}
