{
  "object": {
    "pins": [
      {
        "package": "Apollo",
        "repositoryURL": "https://github.com/apollographql/apollo-ios/",
        "state": {
          "branch": null,
          "revision": "08a41bad4ebf76ae8e4efebf26862a42084b7786",
          "version": "0.51.2"
        }
      },
      {
        "package": "Kingfisher",
        "repositoryURL": "https://github.com/onevcat/Kingfisher",
        "state": {
          "branch": null,
          "revision": "32e4acdf6971f58f5ad552389cf2d7d016334eaf",
          "version": "7.2.0"
        }
      },
      {
        "package": "SimpleCheckbox",
        "repositoryURL": "https://github.com/BeauNouvelle/SimpleCheckbox",
        "state": {
          "branch": null,
          "revision": "96cf25c98bd8e595018df6a2466a9a1eb348fdb8",
          "version": "2.3.0"
        }
      },
      {
        "package": "SnapKit",
        "repositoryURL": "https://github.com/SnapKit/SnapKit",
        "state": {
          "branch": null,
          "revision": "d458564516e5676af9c70b4f4b2a9178294f1bc6",
          "version": "5.0.1"
        }
      },
      {
        "package": "SQLite.swift",
        "repositoryURL": "https://github.com/stephencelis/SQLite.swift.git",
        "state": {
          "branch": null,
          "revision": "4d543d811ee644fa4cc4bfa0be996b4dd6ba0f54",
          "version": "0.13.3"
        }
      }
    ]
  },
  "version": 1
}
